// !$*UTF8*$!
{
	archiveVersion = 1;
	classes = {
	};
	objectVersion = 46;
	objects = {

/* Begin PBXBuildFile section */
		BC4481D71DFB0A1500643B5E /* game.cpp in Sources */ = {isa = PBXBuildFile; fileRef = BC4481D41DFB0A1500643B5E /* game.cpp */; };
		BC6936161DFB0D23008A8180 /* snake.cpp in Sources */ = {isa = PBXBuildFile; fileRef = BC6936141DFB0D23008A8180 /* snake.cpp */; };
		BCE600FC1DF89CF50073D7F5 /* main.cpp in Sources */ = {isa = PBXBuildFile; fileRef = BCE600FB1DF89CF50073D7F5 /* main.cpp */; };
		BCE601061DF8A3140073D7F5 /* SDL2.framework in Frameworks */ = {isa = PBXBuildFile; fileRef = BCE601051DF8A3140073D7F5 /* SDL2.framework */; };
/* End PBXBuildFile section */

/* Begin PBXCopyFilesBuildPhase section */
		BCE600F61DF89CF40073D7F5 /* CopyFiles */ = {
			isa = PBXCopyFilesBuildPhase;
			buildActionMask = 2147483647;
			dstPath = /usr/share/man/man1/;
			dstSubfolderSpec = 0;
			files = (
			);
			runOnlyForDeploymentPostprocessing = 1;
		};
/* End PBXCopyFilesBuildPhase section */

/* Begin PBXFileReference section */
		BC4481D41DFB0A1500643B5E /* game.cpp */ = {isa = PBXFileReference; fileEncoding = 4; lastKnownFileType = sourcecode.cpp.cpp; path = game.cpp; sourceTree = "<group>"; };
		BC4481D51DFB0A1500643B5E /* game.h */ = {isa = PBXFileReference; fileEncoding = 4; lastKnownFileType = sourcecode.c.h; path = game.h; sourceTree = "<group>"; };
		BC6936141DFB0D23008A8180 /* snake.cpp */ = {isa = PBXFileReference; fileEncoding = 4; lastKnownFileType = sourcecode.cpp.cpp; path = snake.cpp; sourceTree = "<group>"; };
		BC6936151DFB0D23008A8180 /* snake.h */ = {isa = PBXFileReference; fileEncoding = 4; lastKnownFileType = sourcecode.c.h; path = snake.h; sourceTree = "<group>"; };
		BCE600F81DF89CF50073D7F5 /* mySnakeClone */ = {isa = PBXFileReference; explicitFileType = "compiled.mach-o.executable"; includeInIndex = 0; path = mySnakeClone; sourceTree = BUILT_PRODUCTS_DIR; };
		BCE600FB1DF89CF50073D7F5 /* main.cpp */ = {isa = PBXFileReference; lastKnownFileType = sourcecode.cpp.cpp; path = main.cpp; sourceTree = "<group>"; };
		BCE601031DF8A3010073D7F5 /* TMAppCommon.framework */ = {isa = PBXFileReference; lastKnownFileType = wrapper.framework; name = TMAppCommon.framework; path = ../../../../../Library/Frameworks/TMAppCommon.framework; sourceTree = "<group>"; };
		BCE601051DF8A3140073D7F5 /* SDL2.framework */ = {isa = PBXFileReference; lastKnownFileType = wrapper.framework; name = SDL2.framework; path = ../../../../../Library/Frameworks/SDL2.framework; sourceTree = "<group>"; };
/* End PBXFileReference section */

/* Begin PBXFrameworksBuildPhase section */
		BCE600F51DF89CF40073D7F5 /* Frameworks */ = {
			isa = PBXFrameworksBuildPhase;
			buildActionMask = 2147483647;
			files = (
				BCE601061DF8A3140073D7F5 /* SDL2.framework in Frameworks */,
			);
			runOnlyForDeploymentPostprocessing = 0;
		};
/* End PBXFrameworksBuildPhase section */

/* Begin PBXGroup section */
		BCE600EF1DF89CF40073D7F5 = {
			isa = PBXGroup;
			children = (
				BCE600FA1DF89CF50073D7F5 /* mySnakeClone */,
				BCE600F91DF89CF50073D7F5 /* Products */,
				BCE601021DF8A3010073D7F5 /* Frameworks */,
			);
			sourceTree = "<group>";
		};
		BCE600F91DF89CF50073D7F5 /* Products */ = {
			isa = PBXGroup;
			children = (
				BCE600F81DF89CF50073D7F5 /* mySnakeClone */,
			);
			name = Products;
			sourceTree = "<group>";
		};
		BCE600FA1DF89CF50073D7F5 /* mySnakeClone */ = {
			isa = PBXGroup;
			children = (
				BC4481D41DFB0A1500643B5E /* game.cpp */,
				BC4481D51DFB0A1500643B5E /* game.h */,
				BCE600FB1DF89CF50073D7F5 /* main.cpp */,
				BC6936141DFB0D23008A8180 /* snake.cpp */,
				BC6936151DFB0D23008A8180 /* snake.h */,
			);
			path = mySnakeClone;
			sourceTree = "<group>";
		};
		BCE601021DF8A3010073D7F5 /* Frameworks */ = {
			isa = PBXGroup;
			children = (
				BCE601051DF8A3140073D7F5 /* SDL2.framework */,
				BCE601031DF8A3010073D7F5 /* TMAppCommon.framework */,
			);
			name = Frameworks;
			sourceTree = "<group>";
		};
/* End PBXGroup section */

/* Begin PBXNativeTarget section */
		BCE600F71DF89CF40073D7F5 /* mySnakeClone */ = {
			isa = PBXNativeTarget;
			buildConfigurationList = BCE600FF1DF89CF50073D7F5 /* Build configuration list for PBXNativeTarget "mySnakeClone" */;
			buildPhases = (
				BCE600F41DF89CF40073D7F5 /* Sources */,
				BCE600F51DF89CF40073D7F5 /* Frameworks */,
				BCE600F61DF89CF40073D7F5 /* CopyFiles */,
			);
			buildRules = (
			);
			dependencies = (
			);
			name = mySnakeClone;
			productName = mySnakeClone;
			productReference = BCE600F81DF89CF50073D7F5 /* mySnakeClone */;
			productType = "com.apple.product-type.tool";
		};
/* End PBXNativeTarget section */

/* Begin PBXProject section */
		BCE600F01DF89CF40073D7F5 /* Project object */ = {
			isa = PBXProject;
			attributes = {
				LastUpgradeCheck = 0810;
				ORGANIZATIONNAME = "Andreas Petersson";
				TargetAttributes = {
					BCE600F71DF89CF40073D7F5 = {
						CreatedOnToolsVersion = 8.1;
						ProvisioningStyle = Automatic;
					};
				};
			};
			buildConfigurationList = BCE600F31DF89CF40073D7F5 /* Build configuration list for PBXProject "mySnakeClone" */;
			compatibilityVersion = "Xcode 3.2";
			developmentRegion = English;
			hasScannedForEncodings = 0;
			knownRegions = (
				en,
			);
			mainGroup = BCE600EF1DF89CF40073D7F5;
			productRefGroup = BCE600F91DF89CF50073D7F5 /* Products */;
			projectDirPath = "";
			projectRoot = "";
			targets = (
				BCE600F71DF89CF40073D7F5 /* mySnakeClone */,
			);
		};
/* End PBXProject section */

/* Begin PBXSourcesBuildPhase section */
		BCE600F41DF89CF40073D7F5 /* Sources */ = {
			isa = PBXSourcesBuildPhase;
			buildActionMask = 2147483647;
			files = (
				BCE600FC1DF89CF50073D7F5 /* main.cpp in Sources */,
				BC6936161DFB0D23008A8180 /* snake.cpp in Sources */,
				BC4481D71DFB0A1500643B5E /* game.cpp in Sources */,
			);
			runOnlyForDeploymentPostprocessing = 0;
		};
/* End PBXSourcesBuildPhase section */

/* Begin XCBuildConfiguration section */
		BCE600FD1DF89CF50073D7F5 /* Debug */ = {
			isa = XCBuildConfiguration;
			buildSettings = {
				ALWAYS_SEARCH_USER_PATHS = NO;
				CLANG_ANALYZER_NONNULL = YES;
				CLANG_CXX_LANGUAGE_STANDARD = "gnu++0x";
				CLANG_CXX_LIBRARY = "libc++";
				CLANG_ENABLE_MODULES = YES;
				CLANG_ENABLE_OBJC_ARC = YES;
				CLANG_WARN_BOOL_CONVERSION = YES;
				CLANG_WARN_CONSTANT_CONVERSION = YES;
				CLANG_WARN_DIRECT_OBJC_ISA_USAGE = YES_ERROR;
				CLANG_WARN_DOCUMENTATION_COMMENTS = YES;
				CLANG_WARN_EMPTY_BODY = YES;
				CLANG_WARN_ENUM_CONVERSION = YES;
				CLANG_WARN_INFINITE_RECURSION = YES;
				CLANG_WARN_INT_CONVERSION = YES;
				CLANG_WARN_OBJC_ROOT_CLASS = YES_ERROR;
				CLANG_WARN_SUSPICIOUS_MOVES = YES;
				CLANG_WARN_UNREACHABLE_CODE = YES;
				CLANG_WARN__DUPLICATE_METHOD_MATCH = YES;
				CODE_SIGN_IDENTITY = "-";
				COPY_PHASE_STRIP = NO;
				DEBUG_INFORMATION_FORMAT = dwarf;
				ENABLE_STRICT_OBJC_MSGSEND = YES;
				ENABLE_TESTABILITY = YES;
				GCC_C_LANGUAGE_STANDARD = gnu99;
				GCC_DYNAMIC_NO_PIC = NO;
				GCC_NO_COMMON_BLOCKS = YES;
				GCC_OPTIMIZATION_LEVEL = 0;
				GCC_PREPROCESSOR_DEFINITIONS = (
					"DEBUG=1",
					"$(inherited)",
				);
				GCC_WARN_64_TO_32_BIT_CONVERSION = YES;
				GCC_WARN_ABOUT_RETURN_TYPE = YES_ERROR;
				GCC_WARN_UNDECLARED_SELECTOR = YES;
				GCC_WARN_UNINITIALIZED_AUTOS = YES_AGGRESSIVE;
				GCC_WARN_UNUSED_FUNCTION = YES;
				GCC_WARN_UNUSED_VARIABLE = YES;
				MACOSX_DEPLOYMENT_TARGET = 10.11;
				MTL_ENABLE_DEBUG_INFO = YES;
				ONLY_ACTIVE_ARCH = YES;
				SDKROOT = macosx;
			};
			name = Debug;
		};
		BCE600FE1DF89CF50073D7F5 /* Release */ = {
			isa = XCBuildConfiguration;
			buildSettings = {
				ALWAYS_SEARCH_USER_PATHS = NO;
				CLANG_ANALYZER_NONNULL = YES;
				CLANG_CXX_LANGUAGE_STANDARD = "gnu++0x";
				CLANG_CXX_LIBRARY = "libc++";
				CLANG_ENABLE_MODULES = YES;
				CLANG_ENABLE_OBJC_ARC = YES;
				CLANG_WARN_BOOL_CONVERSION = YES;
				CLANG_WARN_CONSTANT_CONVERSION = YES;
				CLANG_WARN_DIRECT_OBJC_ISA_USAGE = YES_ERROR;
				CLANG_WARN_DOCUMENTATION_COMMENTS = YES;
				CLANG_WARN_EMPTY_BODY = YES;
				CLANG_WARN_ENUM_CONVERSION = YES;
				CLANG_WARN_INFINITE_RECURSION = YES;
				CLANG_WARN_INT_CONVERSION = YES;
				CLANG_WARN_OBJC_ROOT_CLASS = YES_ERROR;
				CLANG_WARN_SUSPICIOUS_MOVES = YES;
				CLANG_WARN_UNREACHABLE_CODE = YES;
				CLANG_WARN__DUPLICATE_METHOD_MATCH = YES;
				CODE_SIGN_IDENTITY = "-";
				COPY_PHASE_STRIP = NO;
				DEBUG_INFORMATION_FORMAT = "dwarf-with-dsym";
				ENABLE_NS_ASSERTIONS = NO;
				ENABLE_STRICT_OBJC_MSGSEND = YES;
				GCC_C_LANGUAGE_STANDARD = gnu99;
				GCC_NO_COMMON_BLOCKS = YES;
				GCC_WARN_64_TO_32_BIT_CONVERSION = YES;
				GCC_WARN_ABOUT_RETURN_TYPE = YES_ERROR;
				GCC_WARN_UNDECLARED_SELECTOR = YES;
				GCC_WARN_UNINITIALIZED_AUTOS = YES_AGGRESSIVE;
				GCC_WARN_UNUSED_FUNCTION = YES;
				GCC_WARN_UNUSED_VARIABLE = YES;
				MACOSX_DEPLOYMENT_TARGET = 10.11;
				MTL_ENABLE_DEBUG_INFO = NO;
				SDKROOT = macosx;
			};
			name = Release;
		};
		BCE601001DF89CF50073D7F5 /* Debug */ = {
			isa = XCBuildConfiguration;
			buildSettings = {
				FRAMEWORK_SEARCH_PATHS = (
					"$(inherited)",
					"$(LOCAL_LIBRARY_DIR)/Frameworks",
				);
				PRODUCT_NAME = "$(TARGET_NAME)";
			};
			name = Debug;
		};
		BCE601011DF89CF50073D7F5 /* Release */ = {
			isa = XCBuildConfiguration;
			buildSettings = {
				FRAMEWORK_SEARCH_PATHS = (
					"$(inherited)",
					"$(LOCAL_LIBRARY_DIR)/Frameworks",
				);
				PRODUCT_NAME = "$(TARGET_NAME)";
			};
			name = Release;
		};
/* End XCBuildConfiguration section */

/* Begin XCConfigurationList section */
		BCE600F31DF89CF40073D7F5 /* Build configuration list for PBXProject "mySnakeClone" */ = {
			isa = XCConfigurationList;
			buildConfigurations = (
				BCE600FD1DF89CF50073D7F5 /* Debug */,
				BCE600FE1DF89CF50073D7F5 /* Release */,
			);
			defaultConfigurationIsVisible = 0;
			defaultConfigurationName = Release;
		};
		BCE600FF1DF89CF50073D7F5 /* Build configuration list for PBXNativeTarget "mySnakeClone" */ = {
			isa = XCConfigurationList;
			buildConfigurations = (
				BCE601001DF89CF50073D7F5 /* Debug */,
				BCE601011DF89CF50073D7F5 /* Release */,
			);
			defaultConfigurationIsVisible = 0;
			defaultConfigurationName = Release;
		};
/* End XCConfigurationList section */
	};
	rootObject = BCE600F01DF89CF40073D7F5 /* Project object */;
}
